
Microsoft Visual Studio Solution File, Format Version 12.00
# Visual Studio Version 16
VisualStudioVersion = 16.0.31005.135
MinimumVisualStudioVersion = 10.0.40219.1
Project("{FAE04EC0-301F-11D3-BF4B-00C04F79EFBC}") = "lab22222222", "lab22222222.csproj", "{6B036903-5CC7-42D8-BE00-18E3C58FE14D}"
EndProject
Global
	GlobalSection(SolutionConfigurationPlatforms) = preSolution
		Debug|Any CPU = Debug|Any CPU
		Release|Any CPU = Release|Any CPU
	EndGlobalSection
	GlobalSection(ProjectConfigurationPlatforms) = postSolution
		{6B036903-5CC7-42D8-BE00-18E3C58FE14D}.Debug|Any CPU.ActiveCfg = Debug|Any CPU
		{6B036903-5CC7-42D8-BE00-18E3C58FE14D}.Debug|Any CPU.Build.0 = Debug|Any CPU
		{6B036903-5CC7-42D8-BE00-18E3C58FE14D}.Release|Any CPU.ActiveCfg = Release|Any CPU
		{6B036903-5CC7-42D8-BE00-18E3C58FE14D}.Release|Any CPU.Build.0 = Release|Any CPU
	EndGlobalSection
	GlobalSection(SolutionProperties) = preSolution
		HideSolutionNode = FALSE
	EndGlobalSection
	GlobalSection(ExtensibilityGlobals) = postSolution
		SolutionGuid = {80306156-7FD5-4F4E-8E4D-1916A7DC3476}
	EndGlobalSection
EndGlobal
